
Microsoft Visual Studio Solution File, Format Version 12.00
# Visual Studio Version 16
VisualStudioVersion = 16.0.30517.126
MinimumVisualStudioVersion = 10.0.40219.1
Project("{FAE04EC0-301F-11D3-BF4B-00C04F79EFBC}") = "Legacy Project (Interactive Fiction)", "Legacy Project (Interative Fiction)\Legacy Project (Interactive Fiction).csproj", "{5E732025-95F5-403B-BFA1-18756E834060}"
EndProject
Global
	GlobalSection(SolutionConfigurationPlatforms) = preSolution
		Debug|Any CPU = Debug|Any CPU
		Release|Any CPU = Release|Any CPU
	EndGlobalSection
	GlobalSection(ProjectConfigurationPlatforms) = postSolution
		{5E732025-95F5-403B-BFA1-18756E834060}.Debug|Any CPU.ActiveCfg = Debug|Any CPU
		{5E732025-95F5-403B-BFA1-18756E834060}.Debug|Any CPU.Build.0 = Debug|Any CPU
		{5E732025-95F5-403B-BFA1-18756E834060}.Release|Any CPU.ActiveCfg = Release|Any CPU
		{5E732025-95F5-403B-BFA1-18756E834060}.Release|Any CPU.Build.0 = Release|Any CPU
	EndGlobalSection
	GlobalSection(SolutionProperties) = preSolution
		HideSolutionNode = FALSE
	EndGlobalSection
	GlobalSection(ExtensibilityGlobals) = postSolution
		SolutionGuid = {174C8F70-7549-448F-8858-C37DE3EB7BCF}
	EndGlobalSection
EndGlobal
